
Microsoft Visual Studio Solution File, Format Version 12.00
# Visual Studio 15
Project("{FAE04EC0-301F-11D3-BF4B-00C04F79EFBC}") = "Assembly-CSharp", "Assembly-CSharp.csproj", "{C1C5C071-B83F-B023-CA69-3669697175E0}"
EndProject
Project("{FAE04EC0-301F-11D3-BF4B-00C04F79EFBC}") = "GoogleMobileAds", "GoogleMobileAds.csproj", "{4C81061F-E5CB-0E02-2BCB-7DA1B97CB2BB}"
EndProject
Project("{FAE04EC0-301F-11D3-BF4B-00C04F79EFBC}") = "GoogleMobileAds.Editor", "GoogleMobileAds.Editor.csproj", "{73E4B34A-F220-E641-EA65-F99D6A224143}"
EndProject
Global
	GlobalSection(SolutionConfigurationPlatforms) = preSolution
		Debug|Any CPU = Debug|Any CPU
		Release|Any CPU = Release|Any CPU
	EndGlobalSection
	GlobalSection(ProjectConfigurationPlatforms) = postSolution
		{C1C5C071-B83F-B023-CA69-3669697175E0}.Debug|Any CPU.ActiveCfg = Debug|Any CPU
		{C1C5C071-B83F-B023-CA69-3669697175E0}.Debug|Any CPU.Build.0 = Debug|Any CPU
		{C1C5C071-B83F-B023-CA69-3669697175E0}.Release|Any CPU.ActiveCfg = Release|Any CPU
		{C1C5C071-B83F-B023-CA69-3669697175E0}.Release|Any CPU.Build.0 = Release|Any CPU
		{4C81061F-E5CB-0E02-2BCB-7DA1B97CB2BB}.Debug|Any CPU.ActiveCfg = Debug|Any CPU
		{4C81061F-E5CB-0E02-2BCB-7DA1B97CB2BB}.Debug|Any CPU.Build.0 = Debug|Any CPU
		{4C81061F-E5CB-0E02-2BCB-7DA1B97CB2BB}.Release|Any CPU.ActiveCfg = Release|Any CPU
		{4C81061F-E5CB-0E02-2BCB-7DA1B97CB2BB}.Release|Any CPU.Build.0 = Release|Any CPU
		{73E4B34A-F220-E641-EA65-F99D6A224143}.Debug|Any CPU.ActiveCfg = Debug|Any CPU
		{73E4B34A-F220-E641-EA65-F99D6A224143}.Debug|Any CPU.Build.0 = Debug|Any CPU
		{73E4B34A-F220-E641-EA65-F99D6A224143}.Release|Any CPU.ActiveCfg = Release|Any CPU
		{73E4B34A-F220-E641-EA65-F99D6A224143}.Release|Any CPU.Build.0 = Release|Any CPU
	EndGlobalSection
	GlobalSection(SolutionProperties) = preSolution
		HideSolutionNode = FALSE
	EndGlobalSection
EndGlobal
